
Microsoft Visual Studio Solution File, Format Version 12.00
# Visual Studio Version 17
VisualStudioVersion = 17.9.34607.119
MinimumVisualStudioVersion = 10.0.40219.1
Project("{FAE04EC0-301F-11D3-BF4B-00C04F79EFBC}") = "Task2", "Task2\Task2.csproj", "{5C9569BB-2E6E-4CFC-A3FB-343D5EA9DE28}"
EndProject
Global
	GlobalSection(SolutionConfigurationPlatforms) = preSolution
		Debug|Any CPU = Debug|Any CPU
		Release|Any CPU = Release|Any CPU
	EndGlobalSection
	GlobalSection(ProjectConfigurationPlatforms) = postSolution
		{5C9569BB-2E6E-4CFC-A3FB-343D5EA9DE28}.Debug|Any CPU.ActiveCfg = Debug|Any CPU
		{5C9569BB-2E6E-4CFC-A3FB-343D5EA9DE28}.Debug|Any CPU.Build.0 = Debug|Any CPU
		{5C9569BB-2E6E-4CFC-A3FB-343D5EA9DE28}.Release|Any CPU.ActiveCfg = Release|Any CPU
		{5C9569BB-2E6E-4CFC-A3FB-343D5EA9DE28}.Release|Any CPU.Build.0 = Release|Any CPU
	EndGlobalSection
	GlobalSection(SolutionProperties) = preSolution
		HideSolutionNode = FALSE
	EndGlobalSection
	GlobalSection(ExtensibilityGlobals) = postSolution
		SolutionGuid = {826B7664-D9DE-4B78-81C6-152F8B08C414}
	EndGlobalSection
EndGlobal
